{
  "name": "practiceSimpleList2",
  "lockfileVersion": 2,
  "requires": true,
  "packages": {
    "": {
      "dependencies": {
        "linked-list": "^3.0.2"
      }
    },
    "node_modules/linked-list": {
      "version": "3.0.2",
      "resolved": "https://registry.npmjs.org/linked-list/-/linked-list-3.0.2.tgz",
      "integrity": "sha512-iNPWgv6vL8tCTZtnlYfGAQbw08Q/QWfSocUj9LAaOdz9gn7mYMp/5iFEnHsKu6kUUMhCqykenwDaSaAbIBBMtA==",
      "funding": {
        "type": "github",
        "url": "https://github.com/sponsors/wooorm"
      }
    }
  },
  "dependencies": {
    "linked-list": {
      "version": "3.0.2",
      "resolved": "https://registry.npmjs.org/linked-list/-/linked-list-3.0.2.tgz",
      "integrity": "sha512-iNPWgv6vL8tCTZtnlYfGAQbw08Q/QWfSocUj9LAaOdz9gn7mYMp/5iFEnHsKu6kUUMhCqykenwDaSaAbIBBMtA=="
    }
  }
}
